
Microsoft Visual Studio Solution File, Format Version 12.00
# Visual Studio 15
VisualStudioVersion = 15.0.27428.2002
MinimumVisualStudioVersion = 10.0.40219.1
Project("{FAE04EC0-301F-11D3-BF4B-00C04F79EFBC}") = "KNet", "KNet\KNet.csproj", "{F988F921-6C02-4B71-9E71-C6C25A2D5C06}"
EndProject
Project("{FAE04EC0-301F-11D3-BF4B-00C04F79EFBC}") = "KNet Server", "KNet Server\KNet Server.csproj", "{A5AE4BEA-4472-4E66-966A-BC173C0C60FE}"
EndProject
Project("{FAE04EC0-301F-11D3-BF4B-00C04F79EFBC}") = "KNet Client", "KNet Client\KNet Client.csproj", "{9CCB51AF-A330-4A90-9B83-6A247001327C}"
EndProject
Global
	GlobalSection(SolutionConfigurationPlatforms) = preSolution
		Debug|Any CPU = Debug|Any CPU
		Release|Any CPU = Release|Any CPU
	EndGlobalSection
	GlobalSection(ProjectConfigurationPlatforms) = postSolution
		{F988F921-6C02-4B71-9E71-C6C25A2D5C06}.Debug|Any CPU.ActiveCfg = Debug|Any CPU
		{F988F921-6C02-4B71-9E71-C6C25A2D5C06}.Debug|Any CPU.Build.0 = Debug|Any CPU
		{F988F921-6C02-4B71-9E71-C6C25A2D5C06}.Release|Any CPU.ActiveCfg = Release|Any CPU
		{F988F921-6C02-4B71-9E71-C6C25A2D5C06}.Release|Any CPU.Build.0 = Release|Any CPU
		{A5AE4BEA-4472-4E66-966A-BC173C0C60FE}.Debug|Any CPU.ActiveCfg = Debug|Any CPU
		{A5AE4BEA-4472-4E66-966A-BC173C0C60FE}.Debug|Any CPU.Build.0 = Debug|Any CPU
		{A5AE4BEA-4472-4E66-966A-BC173C0C60FE}.Release|Any CPU.ActiveCfg = Release|Any CPU
		{A5AE4BEA-4472-4E66-966A-BC173C0C60FE}.Release|Any CPU.Build.0 = Release|Any CPU
		{9CCB51AF-A330-4A90-9B83-6A247001327C}.Debug|Any CPU.ActiveCfg = Debug|Any CPU
		{9CCB51AF-A330-4A90-9B83-6A247001327C}.Debug|Any CPU.Build.0 = Debug|Any CPU
		{9CCB51AF-A330-4A90-9B83-6A247001327C}.Release|Any CPU.ActiveCfg = Release|Any CPU
		{9CCB51AF-A330-4A90-9B83-6A247001327C}.Release|Any CPU.Build.0 = Release|Any CPU
	EndGlobalSection
	GlobalSection(SolutionProperties) = preSolution
		HideSolutionNode = FALSE
	EndGlobalSection
	GlobalSection(ExtensibilityGlobals) = postSolution
		SolutionGuid = {64545E8C-0CC7-41F9-86B0-318073737E47}
	EndGlobalSection
EndGlobal
